// !$*UTF8*$!
{
	archiveVersion = 1;
	classes = {
	};
	objectVersion = 46;
	objects = {

/* Begin PBXBuildFile section */
		B0404FEC1A3D8C3F00C8B271 /* main.cpp in Sources */ = {isa = PBXBuildFile; fileRef = B0404FEB1A3D8C3F00C8B271 /* main.cpp */; };
/* End PBXBuildFile section */

/* Begin PBXCopyFilesBuildPhase section */
		B0404FE61A3D8C3F00C8B271 /* CopyFiles */ = {
			isa = PBXCopyFilesBuildPhase;
			buildActionMask = 2147483647;
			dstPath = /usr/share/man/man1/;
			dstSubfolderSpec = 0;
			files = (
			);
			runOnlyForDeploymentPostprocessing = 1;
		};
/* End PBXCopyFilesBuildPhase section */

/* Begin PBXFileReference section */
		B0404FE81A3D8C3F00C8B271 /* testlua */ = {isa = PBXFileReference; explicitFileType = "compiled.mach-o.executable"; includeInIndex = 0; path = testlua; sourceTree = BUILT_PRODUCTS_DIR; };
		B0404FEB1A3D8C3F00C8B271 /* main.cpp */ = {isa = PBXFileReference; lastKnownFileType = sourcecode.cpp.cpp; path = main.cpp; sourceTree = "<group>"; };
/* End PBXFileReference section */

/* Begin PBXFrameworksBuildPhase section */
		B0404FE51A3D8C3F00C8B271 /* Frameworks */ = {
			isa = PBXFrameworksBuildPhase;
			buildActionMask = 2147483647;
			files = (
			);
			runOnlyForDeploymentPostprocessing = 0;
		};
/* End PBXFrameworksBuildPhase section */

/* Begin PBXGroup section */
		B0404FDF1A3D8C3F00C8B271 = {
			isa = PBXGroup;
			children = (
				B0404FEA1A3D8C3F00C8B271 /* testlua */,
				B0404FE91A3D8C3F00C8B271 /* Products */,
			);
			sourceTree = "<group>";
		};
		B0404FE91A3D8C3F00C8B271 /* Products */ = {
			isa = PBXGroup;
			children = (
				B0404FE81A3D8C3F00C8B271 /* testlua */,
			);
			name = Products;
			sourceTree = "<group>";
		};
		B0404FEA1A3D8C3F00C8B271 /* testlua */ = {
			isa = PBXGroup;
			children = (
				B0404FEB1A3D8C3F00C8B271 /* main.cpp */,
			);
			path = testlua;
			sourceTree = "<group>";
		};
/* End PBXGroup section */

/* Begin PBXNativeTarget section */
		B0404FE71A3D8C3F00C8B271 /* testlua */ = {
			isa = PBXNativeTarget;
			buildConfigurationList = B0404FEF1A3D8C3F00C8B271 /* Build configuration list for PBXNativeTarget "testlua" */;
			buildPhases = (
				B0404FE41A3D8C3F00C8B271 /* Sources */,
				B0404FE51A3D8C3F00C8B271 /* Frameworks */,
				B0404FE61A3D8C3F00C8B271 /* CopyFiles */,
			);
			buildRules = (
			);
			dependencies = (
			);
			name = testlua;
			productName = testlua;
			productReference = B0404FE81A3D8C3F00C8B271 /* testlua */;
			productType = "com.apple.product-type.tool";
		};
/* End PBXNativeTarget section */

/* Begin PBXProject section */
		B0404FE01A3D8C3F00C8B271 /* Project object */ = {
			isa = PBXProject;
			attributes = {
				LastUpgradeCheck = 0610;
				ORGANIZATIONNAME = madcloud;
				TargetAttributes = {
					B0404FE71A3D8C3F00C8B271 = {
						CreatedOnToolsVersion = 6.1.1;
					};
				};
			};
			buildConfigurationList = B0404FE31A3D8C3F00C8B271 /* Build configuration list for PBXProject "testlua" */;
			compatibilityVersion = "Xcode 3.2";
			developmentRegion = English;
			hasScannedForEncodings = 0;
			knownRegions = (
				en,
			);
			mainGroup = B0404FDF1A3D8C3F00C8B271;
			productRefGroup = B0404FE91A3D8C3F00C8B271 /* Products */;
			projectDirPath = "";
			projectRoot = "";
			targets = (
				B0404FE71A3D8C3F00C8B271 /* testlua */,
			);
		};
/* End PBXProject section */

/* Begin PBXSourcesBuildPhase section */
		B0404FE41A3D8C3F00C8B271 /* Sources */ = {
			isa = PBXSourcesBuildPhase;
			buildActionMask = 2147483647;
			files = (
				B0404FEC1A3D8C3F00C8B271 /* main.cpp in Sources */,
			);
			runOnlyForDeploymentPostprocessing = 0;
		};
/* End PBXSourcesBuildPhase section */

/* Begin XCBuildConfiguration section */
		B0404FED1A3D8C3F00C8B271 /* Debug */ = {
			isa = XCBuildConfiguration;
			buildSettings = {
				ALWAYS_SEARCH_USER_PATHS = NO;
				CLANG_CXX_LANGUAGE_STANDARD = "gnu++0x";
				CLANG_CXX_LIBRARY = "libc++";
				CLANG_ENABLE_MODULES = YES;
				CLANG_ENABLE_OBJC_ARC = YES;
				CLANG_WARN_BOOL_CONVERSION = YES;
				CLANG_WARN_CONSTANT_CONVERSION = YES;
				CLANG_WARN_DIRECT_OBJC_ISA_USAGE = YES_ERROR;
				CLANG_WARN_EMPTY_BODY = YES;
				CLANG_WARN_ENUM_CONVERSION = YES;
				CLANG_WARN_INT_CONVERSION = YES;
				CLANG_WARN_OBJC_ROOT_CLASS = YES_ERROR;
				CLANG_WARN_UNREACHABLE_CODE = YES;
				CLANG_WARN__DUPLICATE_METHOD_MATCH = YES;
				COPY_PHASE_STRIP = NO;
				ENABLE_STRICT_OBJC_MSGSEND = YES;
				GCC_C_LANGUAGE_STANDARD = gnu99;
				GCC_DYNAMIC_NO_PIC = NO;
				GCC_OPTIMIZATION_LEVEL = 0;
				GCC_PREPROCESSOR_DEFINITIONS = (
					"DEBUG=1",
					"$(inherited)",
				);
				GCC_SYMBOLS_PRIVATE_EXTERN = NO;
				GCC_WARN_64_TO_32_BIT_CONVERSION = YES;
				GCC_WARN_ABOUT_RETURN_TYPE = YES_ERROR;
				GCC_WARN_UNDECLARED_SELECTOR = YES;
				GCC_WARN_UNINITIALIZED_AUTOS = YES_AGGRESSIVE;
				GCC_WARN_UNUSED_FUNCTION = YES;
				GCC_WARN_UNUSED_VARIABLE = YES;
				MACOSX_DEPLOYMENT_TARGET = 10.10;
				MTL_ENABLE_DEBUG_INFO = YES;
				ONLY_ACTIVE_ARCH = YES;
				SDKROOT = macosx;
			};
			name = Debug;
		};
		B0404FEE1A3D8C3F00C8B271 /* Release */ = {
			isa = XCBuildConfiguration;
			buildSettings = {
				ALWAYS_SEARCH_USER_PATHS = NO;
				CLANG_CXX_LANGUAGE_STANDARD = "gnu++0x";
				CLANG_CXX_LIBRARY = "libc++";
				CLANG_ENABLE_MODULES = YES;
				CLANG_ENABLE_OBJC_ARC = YES;
				CLANG_WARN_BOOL_CONVERSION = YES;
				CLANG_WARN_CONSTANT_CONVERSION = YES;
				CLANG_WARN_DIRECT_OBJC_ISA_USAGE = YES_ERROR;
				CLANG_WARN_EMPTY_BODY = YES;
				CLANG_WARN_ENUM_CONVERSION = YES;
				CLANG_WARN_INT_CONVERSION = YES;
				CLANG_WARN_OBJC_ROOT_CLASS = YES_ERROR;
				CLANG_WARN_UNREACHABLE_CODE = YES;
				CLANG_WARN__DUPLICATE_METHOD_MATCH = YES;
				COPY_PHASE_STRIP = YES;
				DEBUG_INFORMATION_FORMAT = "dwarf-with-dsym";
				ENABLE_NS_ASSERTIONS = NO;
				ENABLE_STRICT_OBJC_MSGSEND = YES;
				GCC_C_LANGUAGE_STANDARD = gnu99;
				GCC_WARN_64_TO_32_BIT_CONVERSION = YES;
				GCC_WARN_ABOUT_RETURN_TYPE = YES_ERROR;
				GCC_WARN_UNDECLARED_SELECTOR = YES;
				GCC_WARN_UNINITIALIZED_AUTOS = YES_AGGRESSIVE;
				GCC_WARN_UNUSED_FUNCTION = YES;
				GCC_WARN_UNUSED_VARIABLE = YES;
				MACOSX_DEPLOYMENT_TARGET = 10.10;
				MTL_ENABLE_DEBUG_INFO = NO;
				SDKROOT = macosx;
			};
			name = Release;
		};
		B0404FF01A3D8C3F00C8B271 /* Debug */ = {
			isa = XCBuildConfiguration;
			buildSettings = {
				PRODUCT_NAME = "$(TARGET_NAME)";
			};
			name = Debug;
		};
		B0404FF11A3D8C3F00C8B271 /* Release */ = {
			isa = XCBuildConfiguration;
			buildSettings = {
				PRODUCT_NAME = "$(TARGET_NAME)";
			};
			name = Release;
		};
/* End XCBuildConfiguration section */

/* Begin XCConfigurationList section */
		B0404FE31A3D8C3F00C8B271 /* Build configuration list for PBXProject "testlua" */ = {
			isa = XCConfigurationList;
			buildConfigurations = (
				B0404FED1A3D8C3F00C8B271 /* Debug */,
				B0404FEE1A3D8C3F00C8B271 /* Release */,
			);
			defaultConfigurationIsVisible = 0;
			defaultConfigurationName = Release;
		};
		B0404FEF1A3D8C3F00C8B271 /* Build configuration list for PBXNativeTarget "testlua" */ = {
			isa = XCConfigurationList;
			buildConfigurations = (
				B0404FF01A3D8C3F00C8B271 /* Debug */,
				B0404FF11A3D8C3F00C8B271 /* Release */,
			);
			defaultConfigurationIsVisible = 0;
		};
/* End XCConfigurationList section */
	};
	rootObject = B0404FE01A3D8C3F00C8B271 /* Project object */;
}
